
Microsoft Visual Studio Solution File, Format Version 12.00
# Visual Studio Version 16
VisualStudioVersion = 16.0.29920.165
MinimumVisualStudioVersion = 10.0.40219.1
Project("{FAE04EC0-301F-11D3-BF4B-00C04F79EFBC}") = "csharp koodi", "csharp koodi\csharp koodi.csproj", "{46A952A5-F986-478E-A1BC-85EE304C4F29}"
EndProject
Global
	GlobalSection(SolutionConfigurationPlatforms) = preSolution
		Debug|Any CPU = Debug|Any CPU
		Release|Any CPU = Release|Any CPU
	EndGlobalSection
	GlobalSection(ProjectConfigurationPlatforms) = postSolution
		{46A952A5-F986-478E-A1BC-85EE304C4F29}.Debug|Any CPU.ActiveCfg = Debug|Any CPU
		{46A952A5-F986-478E-A1BC-85EE304C4F29}.Debug|Any CPU.Build.0 = Debug|Any CPU
		{46A952A5-F986-478E-A1BC-85EE304C4F29}.Release|Any CPU.ActiveCfg = Release|Any CPU
		{46A952A5-F986-478E-A1BC-85EE304C4F29}.Release|Any CPU.Build.0 = Release|Any CPU
	EndGlobalSection
	GlobalSection(SolutionProperties) = preSolution
		HideSolutionNode = FALSE
	EndGlobalSection
	GlobalSection(ExtensibilityGlobals) = postSolution
		SolutionGuid = {FC13C918-8E3B-4ED8-A836-D3672D7744E6}
	EndGlobalSection
EndGlobal
